
Microsoft Visual Studio Solution File, Format Version 12.00
# Visual Studio 2013
VisualStudioVersion = 12.0.31101.0
MinimumVisualStudioVersion = 10.0.40219.1
Project("{FAE04EC0-301F-11D3-BF4B-00C04F79EFBC}") = "EventsCalendarSynchronizer", "EventsCalendarSynchronizer\EventsCalendarSynchronizer.csproj", "{02292AC2-362D-4491-B965-8EDA9566D70E}"
EndProject
Project("{FAE04EC0-301F-11D3-BF4B-00C04F79EFBC}") = "UI", "UI\UI.csproj", "{FA21FA75-BF96-4F4B-AAB3-F2A658A4689D}"
EndProject
Global
	GlobalSection(SolutionConfigurationPlatforms) = preSolution
		Debug|Any CPU = Debug|Any CPU
		Release|Any CPU = Release|Any CPU
	EndGlobalSection
	GlobalSection(ProjectConfigurationPlatforms) = postSolution
		{02292AC2-362D-4491-B965-8EDA9566D70E}.Debug|Any CPU.ActiveCfg = Debug|Any CPU
		{02292AC2-362D-4491-B965-8EDA9566D70E}.Debug|Any CPU.Build.0 = Debug|Any CPU
		{02292AC2-362D-4491-B965-8EDA9566D70E}.Release|Any CPU.ActiveCfg = Release|Any CPU
		{02292AC2-362D-4491-B965-8EDA9566D70E}.Release|Any CPU.Build.0 = Release|Any CPU
		{FA21FA75-BF96-4F4B-AAB3-F2A658A4689D}.Debug|Any CPU.ActiveCfg = Debug|Any CPU
		{FA21FA75-BF96-4F4B-AAB3-F2A658A4689D}.Debug|Any CPU.Build.0 = Debug|Any CPU
		{FA21FA75-BF96-4F4B-AAB3-F2A658A4689D}.Release|Any CPU.ActiveCfg = Release|Any CPU
		{FA21FA75-BF96-4F4B-AAB3-F2A658A4689D}.Release|Any CPU.Build.0 = Release|Any CPU
	EndGlobalSection
	GlobalSection(SolutionProperties) = preSolution
		HideSolutionNode = FALSE
	EndGlobalSection
EndGlobal
